
Microsoft Visual Studio Solution File, Format Version 12.00
# Visual Studio 15
VisualStudioVersion = 15.0.28010.2046
MinimumVisualStudioVersion = 10.0.40219.1
Project("{FAE04EC0-301F-11D3-BF4B-00C04F79EFBC}") = "AkkaConsole", "AkkaConsole\AkkaConsole.csproj", "{1417E331-B77B-49CE-9778-03C94AED3765}"
EndProject
Global
	GlobalSection(SolutionConfigurationPlatforms) = preSolution
		Debug|Any CPU = Debug|Any CPU
		Release|Any CPU = Release|Any CPU
	EndGlobalSection
	GlobalSection(ProjectConfigurationPlatforms) = postSolution
		{1417E331-B77B-49CE-9778-03C94AED3765}.Debug|Any CPU.ActiveCfg = Debug|Any CPU
		{1417E331-B77B-49CE-9778-03C94AED3765}.Debug|Any CPU.Build.0 = Debug|Any CPU
		{1417E331-B77B-49CE-9778-03C94AED3765}.Release|Any CPU.ActiveCfg = Release|Any CPU
		{1417E331-B77B-49CE-9778-03C94AED3765}.Release|Any CPU.Build.0 = Release|Any CPU
	EndGlobalSection
	GlobalSection(SolutionProperties) = preSolution
		HideSolutionNode = FALSE
	EndGlobalSection
	GlobalSection(ExtensibilityGlobals) = postSolution
		SolutionGuid = {3C095060-34E2-4689-9096-1E79C1983DB6}
	EndGlobalSection
EndGlobal
